{
    "_readme": [
        "This file locks the dependencies of your project to a known state",
        "Read more about it at http://getcomposer.org/doc/01-basic-usage.md#composer-lock-the-lock-file"
    ],
    "hash": "453b66046184158c94648a748da38c05",
    "packages": [
        {
            "name": "maestrano/maestrano-php",
            "version": "0.3.5",
            "source": {
                "type": "git",
                "url": "https://github.com/maestrano/maestrano-php.git",
                "reference": "8a0d1bbeb110c242f1b19655b00038573bf54aee"
            },
            "dist": {
                "type": "zip",
                "url": "https://api.github.com/repos/maestrano/maestrano-php/zipball/8a0d1bbeb110c242f1b19655b00038573bf54aee",
                "reference": "8a0d1bbeb110c242f1b19655b00038573bf54aee",
                "shasum": ""
            },
            "require": {
                "ext-curl": "*",
                "ext-json": "*",
                "ext-mbstring": "*",
                "php": ">=5.2"
            },
            "require-dev": {
                "phpunit/phpunit": "4.3.*"
            },
            "type": "library",
            "autoload": {
                "classmap": [
                    "lib/Maestrano/"
                ]
            },
            "notification-url": "https://packagist.org/downloads/",
            "license": [
                "MIT"
            ],
            "authors": [
                {
                    "name": "Arnaud Lachaume"
                }
            ],
            "description": "Maestrano PHP Library",
            "homepage": "https://maestrano.com",
            "keywords": [
                "api",
                "maestrano",
                "marketplace",
                "sme"
            ],
            "time": "2014-11-10 11:54:19"
        }
    ],
    "packages-dev": [

    ],
    "aliases": [

    ],
    "minimum-stability": "stable",
    "stability-flags": [

    ],
    "platform": {
        "ext-mbstring": "*"
    },
    "platform-dev": [

    ]
}
